// !$*UTF8*$!
{
	archiveVersion = 1;
	classes = {
	};
	objectVersion = 50;
	objects = {

/* Begin PBXBuildFile section */
		656E942823C70D11008A3C52 /* AppDelegate.m in Sources */ = {isa = PBXBuildFile; fileRef = 656E942723C70D11008A3C52 /* AppDelegate.m */; };
		656E942B23C70D11008A3C52 /* SceneDelegate.m in Sources */ = {isa = PBXBuildFile; fileRef = 656E942A23C70D11008A3C52 /* SceneDelegate.m */; };
		656E942E23C70D11008A3C52 /* ViewController.m in Sources */ = {isa = PBXBuildFile; fileRef = 656E942D23C70D11008A3C52 /* ViewController.m */; };
		656E943123C70D11008A3C52 /* Main.storyboard in Resources */ = {isa = PBXBuildFile; fileRef = 656E942F23C70D11008A3C52 /* Main.storyboard */; };
		656E943323C70D12008A3C52 /* Assets.xcassets in Resources */ = {isa = PBXBuildFile; fileRef = 656E943223C70D12008A3C52 /* Assets.xcassets */; };
		656E943623C70D12008A3C52 /* LaunchScreen.storyboard in Resources */ = {isa = PBXBuildFile; fileRef = 656E943423C70D12008A3C52 /* LaunchScreen.storyboard */; };
		656E943923C70D12008A3C52 /* main.m in Sources */ = {isa = PBXBuildFile; fileRef = 656E943823C70D12008A3C52 /* main.m */; };
		656E944123C73191008A3C52 /* MMCollectionViewCell.m in Sources */ = {isa = PBXBuildFile; fileRef = 656E944023C73191008A3C52 /* MMCollectionViewCell.m */; };
		DEA38E7C39EFD9B19D0E1BB7 /* libPods-MasonryDemo.a in Frameworks */ = {isa = PBXBuildFile; fileRef = 290CDADB8325144BAD454187 /* libPods-MasonryDemo.a */; };
/* End PBXBuildFile section */

/* Begin PBXFileReference section */
		0229FA7A49FFEEA7BB7C53AC /* Pods-MasonryDemo.release.xcconfig */ = {isa = PBXFileReference; includeInIndex = 1; lastKnownFileType = text.xcconfig; name = "Pods-MasonryDemo.release.xcconfig"; path = "Target Support Files/Pods-MasonryDemo/Pods-MasonryDemo.release.xcconfig"; sourceTree = "<group>"; };
		290CDADB8325144BAD454187 /* libPods-MasonryDemo.a */ = {isa = PBXFileReference; explicitFileType = archive.ar; includeInIndex = 0; path = "libPods-MasonryDemo.a"; sourceTree = BUILT_PRODUCTS_DIR; };
		656E942323C70D11008A3C52 /* MasonryDemo.app */ = {isa = PBXFileReference; explicitFileType = wrapper.application; includeInIndex = 0; path = MasonryDemo.app; sourceTree = BUILT_PRODUCTS_DIR; };
		656E942623C70D11008A3C52 /* AppDelegate.h */ = {isa = PBXFileReference; lastKnownFileType = sourcecode.c.h; path = AppDelegate.h; sourceTree = "<group>"; };
		656E942723C70D11008A3C52 /* AppDelegate.m */ = {isa = PBXFileReference; lastKnownFileType = sourcecode.c.objc; path = AppDelegate.m; sourceTree = "<group>"; };
		656E942923C70D11008A3C52 /* SceneDelegate.h */ = {isa = PBXFileReference; lastKnownFileType = sourcecode.c.h; path = SceneDelegate.h; sourceTree = "<group>"; };
		656E942A23C70D11008A3C52 /* SceneDelegate.m */ = {isa = PBXFileReference; lastKnownFileType = sourcecode.c.objc; path = SceneDelegate.m; sourceTree = "<group>"; };
		656E942C23C70D11008A3C52 /* ViewController.h */ = {isa = PBXFileReference; lastKnownFileType = sourcecode.c.h; path = ViewController.h; sourceTree = "<group>"; };
		656E942D23C70D11008A3C52 /* ViewController.m */ = {isa = PBXFileReference; lastKnownFileType = sourcecode.c.objc; path = ViewController.m; sourceTree = "<group>"; };
		656E943023C70D11008A3C52 /* Base */ = {isa = PBXFileReference; lastKnownFileType = file.storyboard; name = Base; path = Base.lproj/Main.storyboard; sourceTree = "<group>"; };
		656E943223C70D12008A3C52 /* Assets.xcassets */ = {isa = PBXFileReference; lastKnownFileType = folder.assetcatalog; path = Assets.xcassets; sourceTree = "<group>"; };
		656E943523C70D12008A3C52 /* Base */ = {isa = PBXFileReference; lastKnownFileType = file.storyboard; name = Base; path = Base.lproj/LaunchScreen.storyboard; sourceTree = "<group>"; };
		656E943723C70D12008A3C52 /* Info.plist */ = {isa = PBXFileReference; lastKnownFileType = text.plist.xml; path = Info.plist; sourceTree = "<group>"; };
		656E943823C70D12008A3C52 /* main.m */ = {isa = PBXFileReference; lastKnownFileType = sourcecode.c.objc; path = main.m; sourceTree = "<group>"; };
		656E943F23C73191008A3C52 /* MMCollectionViewCell.h */ = {isa = PBXFileReference; lastKnownFileType = sourcecode.c.h; path = MMCollectionViewCell.h; sourceTree = "<group>"; };
		656E944023C73191008A3C52 /* MMCollectionViewCell.m */ = {isa = PBXFileReference; lastKnownFileType = sourcecode.c.objc; path = MMCollectionViewCell.m; sourceTree = "<group>"; };
		ED65C93DDB1B05850F893DFF /* Pods-MasonryDemo.debug.xcconfig */ = {isa = PBXFileReference; includeInIndex = 1; lastKnownFileType = text.xcconfig; name = "Pods-MasonryDemo.debug.xcconfig"; path = "Target Support Files/Pods-MasonryDemo/Pods-MasonryDemo.debug.xcconfig"; sourceTree = "<group>"; };
/* End PBXFileReference section */

/* Begin PBXFrameworksBuildPhase section */
		656E942023C70D11008A3C52 /* Frameworks */ = {
			isa = PBXFrameworksBuildPhase;
			buildActionMask = 2147483647;
			files = (
				DEA38E7C39EFD9B19D0E1BB7 /* libPods-MasonryDemo.a in Frameworks */,
			);
			runOnlyForDeploymentPostprocessing = 0;
		};
/* End PBXFrameworksBuildPhase section */

/* Begin PBXGroup section */
		17C691BD9E1ADE0248C27C32 /* Frameworks */ = {
			isa = PBXGroup;
			children = (
				290CDADB8325144BAD454187 /* libPods-MasonryDemo.a */,
			);
			name = Frameworks;
			sourceTree = "<group>";
		};
		27FCC76FDEFF2298FDA820AB /* Pods */ = {
			isa = PBXGroup;
			children = (
				ED65C93DDB1B05850F893DFF /* Pods-MasonryDemo.debug.xcconfig */,
				0229FA7A49FFEEA7BB7C53AC /* Pods-MasonryDemo.release.xcconfig */,
			);
			path = Pods;
			sourceTree = "<group>";
		};
		656E941A23C70D11008A3C52 = {
			isa = PBXGroup;
			children = (
				656E942523C70D11008A3C52 /* MasonryDemo */,
				656E942423C70D11008A3C52 /* Products */,
				27FCC76FDEFF2298FDA820AB /* Pods */,
				17C691BD9E1ADE0248C27C32 /* Frameworks */,
			);
			sourceTree = "<group>";
		};
		656E942423C70D11008A3C52 /* Products */ = {
			isa = PBXGroup;
			children = (
				656E942323C70D11008A3C52 /* MasonryDemo.app */,
			);
			name = Products;
			sourceTree = "<group>";
		};
		656E942523C70D11008A3C52 /* MasonryDemo */ = {
			isa = PBXGroup;
			children = (
				656E942623C70D11008A3C52 /* AppDelegate.h */,
				656E942723C70D11008A3C52 /* AppDelegate.m */,
				656E942923C70D11008A3C52 /* SceneDelegate.h */,
				656E942A23C70D11008A3C52 /* SceneDelegate.m */,
				656E942C23C70D11008A3C52 /* ViewController.h */,
				656E942D23C70D11008A3C52 /* ViewController.m */,
				656E943F23C73191008A3C52 /* MMCollectionViewCell.h */,
				656E944023C73191008A3C52 /* MMCollectionViewCell.m */,
				656E942F23C70D11008A3C52 /* Main.storyboard */,
				656E943223C70D12008A3C52 /* Assets.xcassets */,
				656E943423C70D12008A3C52 /* LaunchScreen.storyboard */,
				656E943723C70D12008A3C52 /* Info.plist */,
				656E943823C70D12008A3C52 /* main.m */,
			);
			path = MasonryDemo;
			sourceTree = "<group>";
		};
/* End PBXGroup section */

/* Begin PBXNativeTarget section */
		656E942223C70D11008A3C52 /* MasonryDemo */ = {
			isa = PBXNativeTarget;
			buildConfigurationList = 656E943C23C70D12008A3C52 /* Build configuration list for PBXNativeTarget "MasonryDemo" */;
			buildPhases = (
				7F37512C3827B17D490C845D /* [CP] Check Pods Manifest.lock */,
				656E941F23C70D11008A3C52 /* Sources */,
				656E942023C70D11008A3C52 /* Frameworks */,
				656E942123C70D11008A3C52 /* Resources */,
			);
			buildRules = (
			);
			dependencies = (
			);
			name = MasonryDemo;
			productName = MasonryDemo;
			productReference = 656E942323C70D11008A3C52 /* MasonryDemo.app */;
			productType = "com.apple.product-type.application";
		};
/* End PBXNativeTarget section */

/* Begin PBXProject section */
		656E941B23C70D11008A3C52 /* Project object */ = {
			isa = PBXProject;
			attributes = {
				LastUpgradeCheck = 1120;
				ORGANIZATIONNAME = mengxiangjian;
				TargetAttributes = {
					656E942223C70D11008A3C52 = {
						CreatedOnToolsVersion = 11.2;
					};
				};
			};
			buildConfigurationList = 656E941E23C70D11008A3C52 /* Build configuration list for PBXProject "MasonryDemo" */;
			compatibilityVersion = "Xcode 9.3";
			developmentRegion = en;
			hasScannedForEncodings = 0;
			knownRegions = (
				en,
				Base,
			);
			mainGroup = 656E941A23C70D11008A3C52;
			productRefGroup = 656E942423C70D11008A3C52 /* Products */;
			projectDirPath = "";
			projectRoot = "";
			targets = (
				656E942223C70D11008A3C52 /* MasonryDemo */,
			);
		};
/* End PBXProject section */

/* Begin PBXResourcesBuildPhase section */
		656E942123C70D11008A3C52 /* Resources */ = {
			isa = PBXResourcesBuildPhase;
			buildActionMask = 2147483647;
			files = (
				656E943623C70D12008A3C52 /* LaunchScreen.storyboard in Resources */,
				656E943323C70D12008A3C52 /* Assets.xcassets in Resources */,
				656E943123C70D11008A3C52 /* Main.storyboard in Resources */,
			);
			runOnlyForDeploymentPostprocessing = 0;
		};
/* End PBXResourcesBuildPhase section */

/* Begin PBXShellScriptBuildPhase section */
		7F37512C3827B17D490C845D /* [CP] Check Pods Manifest.lock */ = {
			isa = PBXShellScriptBuildPhase;
			buildActionMask = 2147483647;
			files = (
			);
			inputFileListPaths = (
			);
			inputPaths = (
				"${PODS_PODFILE_DIR_PATH}/Podfile.lock",
				"${PODS_ROOT}/Manifest.lock",
			);
			name = "[CP] Check Pods Manifest.lock";
			outputFileListPaths = (
			);
			outputPaths = (
				"$(DERIVED_FILE_DIR)/Pods-MasonryDemo-checkManifestLockResult.txt",
			);
			runOnlyForDeploymentPostprocessing = 0;
			shellPath = /bin/sh;
			shellScript = "diff \"${PODS_PODFILE_DIR_PATH}/Podfile.lock\" \"${PODS_ROOT}/Manifest.lock\" > /dev/null\nif [ $? != 0 ] ; then\n    # print error to STDERR\n    echo \"error: The sandbox is not in sync with the Podfile.lock. Run 'pod install' or update your CocoaPods installation.\" >&2\n    exit 1\nfi\n# This output is used by Xcode 'outputs' to avoid re-running this script phase.\necho \"SUCCESS\" > \"${SCRIPT_OUTPUT_FILE_0}\"\n";
			showEnvVarsInLog = 0;
		};
/* End PBXShellScriptBuildPhase section */

/* Begin PBXSourcesBuildPhase section */
		656E941F23C70D11008A3C52 /* Sources */ = {
			isa = PBXSourcesBuildPhase;
			buildActionMask = 2147483647;
			files = (
				656E942E23C70D11008A3C52 /* ViewController.m in Sources */,
				656E942823C70D11008A3C52 /* AppDelegate.m in Sources */,
				656E944123C73191008A3C52 /* MMCollectionViewCell.m in Sources */,
				656E943923C70D12008A3C52 /* main.m in Sources */,
				656E942B23C70D11008A3C52 /* SceneDelegate.m in Sources */,
			);
			runOnlyForDeploymentPostprocessing = 0;
		};
/* End PBXSourcesBuildPhase section */

/* Begin PBXVariantGroup section */
		656E942F23C70D11008A3C52 /* Main.storyboard */ = {
			isa = PBXVariantGroup;
			children = (
				656E943023C70D11008A3C52 /* Base */,
			);
			name = Main.storyboard;
			sourceTree = "<group>";
		};
		656E943423C70D12008A3C52 /* LaunchScreen.storyboard */ = {
			isa = PBXVariantGroup;
			children = (
				656E943523C70D12008A3C52 /* Base */,
			);
			name = LaunchScreen.storyboard;
			sourceTree = "<group>";
		};
/* End PBXVariantGroup section */

/* Begin XCBuildConfiguration section */
		656E943A23C70D12008A3C52 /* Debug */ = {
			isa = XCBuildConfiguration;
			buildSettings = {
				ALWAYS_SEARCH_USER_PATHS = NO;
				CLANG_ANALYZER_NONNULL = YES;
				CLANG_ANALYZER_NUMBER_OBJECT_CONVERSION = YES_AGGRESSIVE;
				CLANG_CXX_LANGUAGE_STANDARD = "gnu++14";
				CLANG_CXX_LIBRARY = "libc++";
				CLANG_ENABLE_MODULES = YES;
				CLANG_ENABLE_OBJC_ARC = YES;
				CLANG_ENABLE_OBJC_WEAK = YES;
				CLANG_WARN_BLOCK_CAPTURE_AUTORELEASING = YES;
				CLANG_WARN_BOOL_CONVERSION = YES;
				CLANG_WARN_COMMA = YES;
				CLANG_WARN_CONSTANT_CONVERSION = YES;
				CLANG_WARN_DEPRECATED_OBJC_IMPLEMENTATIONS = YES;
				CLANG_WARN_DIRECT_OBJC_ISA_USAGE = YES_ERROR;
				CLANG_WARN_DOCUMENTATION_COMMENTS = YES;
				CLANG_WARN_EMPTY_BODY = YES;
				CLANG_WARN_ENUM_CONVERSION = YES;
				CLANG_WARN_INFINITE_RECURSION = YES;
				CLANG_WARN_INT_CONVERSION = YES;
				CLANG_WARN_NON_LITERAL_NULL_CONVERSION = YES;
				CLANG_WARN_OBJC_IMPLICIT_RETAIN_SELF = YES;
				CLANG_WARN_OBJC_LITERAL_CONVERSION = YES;
				CLANG_WARN_OBJC_ROOT_CLASS = YES_ERROR;
				CLANG_WARN_RANGE_LOOP_ANALYSIS = YES;
				CLANG_WARN_STRICT_PROTOTYPES = YES;
				CLANG_WARN_SUSPICIOUS_MOVE = YES;
				CLANG_WARN_UNGUARDED_AVAILABILITY = YES_AGGRESSIVE;
				CLANG_WARN_UNREACHABLE_CODE = YES;
				CLANG_WARN__DUPLICATE_METHOD_MATCH = YES;
				COPY_PHASE_STRIP = NO;
				DEBUG_INFORMATION_FORMAT = dwarf;
				ENABLE_STRICT_OBJC_MSGSEND = YES;
				ENABLE_TESTABILITY = YES;
				GCC_C_LANGUAGE_STANDARD = gnu11;
				GCC_DYNAMIC_NO_PIC = NO;
				GCC_NO_COMMON_BLOCKS = YES;
				GCC_OPTIMIZATION_LEVEL = 0;
				GCC_PREPROCESSOR_DEFINITIONS = (
					"DEBUG=1",
					"$(inherited)",
				);
				GCC_WARN_64_TO_32_BIT_CONVERSION = YES;
				GCC_WARN_ABOUT_RETURN_TYPE = YES_ERROR;
				GCC_WARN_UNDECLARED_SELECTOR = YES;
				GCC_WARN_UNINITIALIZED_AUTOS = YES_AGGRESSIVE;
				GCC_WARN_UNUSED_FUNCTION = YES;
				GCC_WARN_UNUSED_VARIABLE = YES;
				IPHONEOS_DEPLOYMENT_TARGET = 13.2;
				MTL_ENABLE_DEBUG_INFO = INCLUDE_SOURCE;
				MTL_FAST_MATH = YES;
				ONLY_ACTIVE_ARCH = YES;
				SDKROOT = iphoneos;
			};
			name = Debug;
		};
		656E943B23C70D12008A3C52 /* Release */ = {
			isa = XCBuildConfiguration;
			buildSettings = {
				ALWAYS_SEARCH_USER_PATHS = NO;
				CLANG_ANALYZER_NONNULL = YES;
				CLANG_ANALYZER_NUMBER_OBJECT_CONVERSION = YES_AGGRESSIVE;
				CLANG_CXX_LANGUAGE_STANDARD = "gnu++14";
				CLANG_CXX_LIBRARY = "libc++";
				CLANG_ENABLE_MODULES = YES;
				CLANG_ENABLE_OBJC_ARC = YES;
				CLANG_ENABLE_OBJC_WEAK = YES;
				CLANG_WARN_BLOCK_CAPTURE_AUTORELEASING = YES;
				CLANG_WARN_BOOL_CONVERSION = YES;
				CLANG_WARN_COMMA = YES;
				CLANG_WARN_CONSTANT_CONVERSION = YES;
				CLANG_WARN_DEPRECATED_OBJC_IMPLEMENTATIONS = YES;
				CLANG_WARN_DIRECT_OBJC_ISA_USAGE = YES_ERROR;
				CLANG_WARN_DOCUMENTATION_COMMENTS = YES;
				CLANG_WARN_EMPTY_BODY = YES;
				CLANG_WARN_ENUM_CONVERSION = YES;
				CLANG_WARN_INFINITE_RECURSION = YES;
				CLANG_WARN_INT_CONVERSION = YES;
				CLANG_WARN_NON_LITERAL_NULL_CONVERSION = YES;
				CLANG_WARN_OBJC_IMPLICIT_RETAIN_SELF = YES;
				CLANG_WARN_OBJC_LITERAL_CONVERSION = YES;
				CLANG_WARN_OBJC_ROOT_CLASS = YES_ERROR;
				CLANG_WARN_RANGE_LOOP_ANALYSIS = YES;
				CLANG_WARN_STRICT_PROTOTYPES = YES;
				CLANG_WARN_SUSPICIOUS_MOVE = YES;
				CLANG_WARN_UNGUARDED_AVAILABILITY = YES_AGGRESSIVE;
				CLANG_WARN_UNREACHABLE_CODE = YES;
				CLANG_WARN__DUPLICATE_METHOD_MATCH = YES;
				COPY_PHASE_STRIP = NO;
				DEBUG_INFORMATION_FORMAT = "dwarf-with-dsym";
				ENABLE_NS_ASSERTIONS = NO;
				ENABLE_STRICT_OBJC_MSGSEND = YES;
				GCC_C_LANGUAGE_STANDARD = gnu11;
				GCC_NO_COMMON_BLOCKS = YES;
				GCC_WARN_64_TO_32_BIT_CONVERSION = YES;
				GCC_WARN_ABOUT_RETURN_TYPE = YES_ERROR;
				GCC_WARN_UNDECLARED_SELECTOR = YES;
				GCC_WARN_UNINITIALIZED_AUTOS = YES_AGGRESSIVE;
				GCC_WARN_UNUSED_FUNCTION = YES;
				GCC_WARN_UNUSED_VARIABLE = YES;
				IPHONEOS_DEPLOYMENT_TARGET = 13.2;
				MTL_ENABLE_DEBUG_INFO = NO;
				MTL_FAST_MATH = YES;
				SDKROOT = iphoneos;
				VALIDATE_PRODUCT = YES;
			};
			name = Release;
		};
		656E943D23C70D12008A3C52 /* Debug */ = {
			isa = XCBuildConfiguration;
			baseConfigurationReference = ED65C93DDB1B05850F893DFF /* Pods-MasonryDemo.debug.xcconfig */;
			buildSettings = {
				ASSETCATALOG_COMPILER_APPICON_NAME = AppIcon;
				CODE_SIGN_STYLE = Automatic;
				INFOPLIST_FILE = MasonryDemo/Info.plist;
				LD_RUNPATH_SEARCH_PATHS = (
					"$(inherited)",
					"@executable_path/Frameworks",
				);
				PRODUCT_BUNDLE_IDENTIFIER = com.mengxiangjian.MasonryDemo;
				PRODUCT_NAME = "$(TARGET_NAME)";
				TARGETED_DEVICE_FAMILY = "1,2";
			};
			name = Debug;
		};
		656E943E23C70D12008A3C52 /* Release */ = {
			isa = XCBuildConfiguration;
			baseConfigurationReference = 0229FA7A49FFEEA7BB7C53AC /* Pods-MasonryDemo.release.xcconfig */;
			buildSettings = {
				ASSETCATALOG_COMPILER_APPICON_NAME = AppIcon;
				CODE_SIGN_STYLE = Automatic;
				INFOPLIST_FILE = MasonryDemo/Info.plist;
				LD_RUNPATH_SEARCH_PATHS = (
					"$(inherited)",
					"@executable_path/Frameworks",
				);
				PRODUCT_BUNDLE_IDENTIFIER = com.mengxiangjian.MasonryDemo;
				PRODUCT_NAME = "$(TARGET_NAME)";
				TARGETED_DEVICE_FAMILY = "1,2";
			};
			name = Release;
		};
/* End XCBuildConfiguration section */

/* Begin XCConfigurationList section */
		656E941E23C70D11008A3C52 /* Build configuration list for PBXProject "MasonryDemo" */ = {
			isa = XCConfigurationList;
			buildConfigurations = (
				656E943A23C70D12008A3C52 /* Debug */,
				656E943B23C70D12008A3C52 /* Release */,
			);
			defaultConfigurationIsVisible = 0;
			defaultConfigurationName = Release;
		};
		656E943C23C70D12008A3C52 /* Build configuration list for PBXNativeTarget "MasonryDemo" */ = {
			isa = XCConfigurationList;
			buildConfigurations = (
				656E943D23C70D12008A3C52 /* Debug */,
				656E943E23C70D12008A3C52 /* Release */,
			);
			defaultConfigurationIsVisible = 0;
			defaultConfigurationName = Release;
		};
/* End XCConfigurationList section */
	};
	rootObject = 656E941B23C70D11008A3C52 /* Project object */;
}
